
Microsoft Visual Studio Solution File, Format Version 12.00
# Visual Studio 15
VisualStudioVersion = 15.0.27130.2010
MinimumVisualStudioVersion = 10.0.40219.1
Project("{FAE04EC0-301F-11D3-BF4B-00C04F79EFBC}") = "ApiAparelhos", "ApiAparelhos\ApiAparelhos.csproj", "{F8A3B56B-19ED-45E0-923C-5AB7D5C23E00}"
EndProject
Global
	GlobalSection(SolutionConfigurationPlatforms) = preSolution
		Debug|Any CPU = Debug|Any CPU
		Release|Any CPU = Release|Any CPU
	EndGlobalSection
	GlobalSection(ProjectConfigurationPlatforms) = postSolution
		{F8A3B56B-19ED-45E0-923C-5AB7D5C23E00}.Debug|Any CPU.ActiveCfg = Debug|Any CPU
		{F8A3B56B-19ED-45E0-923C-5AB7D5C23E00}.Debug|Any CPU.Build.0 = Debug|Any CPU
		{F8A3B56B-19ED-45E0-923C-5AB7D5C23E00}.Release|Any CPU.ActiveCfg = Release|Any CPU
		{F8A3B56B-19ED-45E0-923C-5AB7D5C23E00}.Release|Any CPU.Build.0 = Release|Any CPU
	EndGlobalSection
	GlobalSection(SolutionProperties) = preSolution
		HideSolutionNode = FALSE
	EndGlobalSection
	GlobalSection(ExtensibilityGlobals) = postSolution
		SolutionGuid = {076BD2EB-153A-4426-B70D-CCF2D1B5BDC2}
	EndGlobalSection
EndGlobal
